
Microsoft Visual Studio Solution File, Format Version 12.00
# Visual Studio Version 17
VisualStudioVersion = 17.13.35931.197
MinimumVisualStudioVersion = 10.0.40219.1
Project("{FAE04EC0-301F-11D3-BF4B-00C04F79EFBC}") = "sourcelist", "MQFF\sourcelist.csproj", "{4B99053A-CA48-417D-A132-7EF2CD881FE0}"
EndProject
Global
	GlobalSection(SolutionConfigurationPlatforms) = preSolution
		Debug|Any CPU = Debug|Any CPU
		Release|Any CPU = Release|Any CPU
	EndGlobalSection
	GlobalSection(ProjectConfigurationPlatforms) = postSolution
		{4B99053A-CA48-417D-A132-7EF2CD881FE0}.Debug|Any CPU.ActiveCfg = Debug|Any CPU
		{4B99053A-CA48-417D-A132-7EF2CD881FE0}.Debug|Any CPU.Build.0 = Debug|Any CPU
		{4B99053A-CA48-417D-A132-7EF2CD881FE0}.Release|Any CPU.ActiveCfg = Release|Any CPU
		{4B99053A-CA48-417D-A132-7EF2CD881FE0}.Release|Any CPU.Build.0 = Release|Any CPU
	EndGlobalSection
	GlobalSection(SolutionProperties) = preSolution
		HideSolutionNode = FALSE
	EndGlobalSection
	GlobalSection(ExtensibilityGlobals) = postSolution
		SolutionGuid = {3B37BA12-0C2E-40E2-B14F-61BA2DD945A0}
	EndGlobalSection
EndGlobal
